
Microsoft Visual Studio Solution File, Format Version 12.00
# Visual Studio Version 17
VisualStudioVersion = 17.13.35825.156
MinimumVisualStudioVersion = 10.0.40219.1
Project("{FAE04EC0-301F-11D3-BF4B-00C04F79EFBC}") = "home_owners", "home_owners\home_owners.csproj", "{9501950E-21F4-4886-91DE-89F2A12F6871}"
EndProject
Global
	GlobalSection(SolutionConfigurationPlatforms) = preSolution
		Debug|Any CPU = Debug|Any CPU
		Release|Any CPU = Release|Any CPU
	EndGlobalSection
	GlobalSection(ProjectConfigurationPlatforms) = postSolution
		{9501950E-21F4-4886-91DE-89F2A12F6871}.Debug|Any CPU.ActiveCfg = Debug|Any CPU
		{9501950E-21F4-4886-91DE-89F2A12F6871}.Debug|Any CPU.Build.0 = Debug|Any CPU
		{9501950E-21F4-4886-91DE-89F2A12F6871}.Release|Any CPU.ActiveCfg = Release|Any CPU
		{9501950E-21F4-4886-91DE-89F2A12F6871}.Release|Any CPU.Build.0 = Release|Any CPU
	EndGlobalSection
	GlobalSection(SolutionProperties) = preSolution
		HideSolutionNode = FALSE
	EndGlobalSection
	GlobalSection(ExtensibilityGlobals) = postSolution
		SolutionGuid = {FE1EE549-C4A6-4E2A-9FC6-721E26C2558E}
	EndGlobalSection
EndGlobal
